
Microsoft Visual Studio Solution File, Format Version 12.00
# Visual Studio Version 16
VisualStudioVersion = 16.0.29920.165
MinimumVisualStudioVersion = 10.0.40219.1
Project("{FAE04EC0-301F-11D3-BF4B-00C04F79EFBC}") = "MimicApi", "MimicApi\MimicApi.csproj", "{ECB7CF6C-29E9-4837-8D5F-CC27FF53C8B6}"
EndProject
Global
	GlobalSection(SolutionConfigurationPlatforms) = preSolution
		Debug|Any CPU = Debug|Any CPU
		Release|Any CPU = Release|Any CPU
	EndGlobalSection
	GlobalSection(ProjectConfigurationPlatforms) = postSolution
		{ECB7CF6C-29E9-4837-8D5F-CC27FF53C8B6}.Debug|Any CPU.ActiveCfg = Debug|Any CPU
		{ECB7CF6C-29E9-4837-8D5F-CC27FF53C8B6}.Debug|Any CPU.Build.0 = Debug|Any CPU
		{ECB7CF6C-29E9-4837-8D5F-CC27FF53C8B6}.Release|Any CPU.ActiveCfg = Release|Any CPU
		{ECB7CF6C-29E9-4837-8D5F-CC27FF53C8B6}.Release|Any CPU.Build.0 = Release|Any CPU
	EndGlobalSection
	GlobalSection(SolutionProperties) = preSolution
		HideSolutionNode = FALSE
	EndGlobalSection
	GlobalSection(ExtensibilityGlobals) = postSolution
		SolutionGuid = {61AEE0B4-88CE-4DA3-997F-0831FFFDF8F7}
	EndGlobalSection
EndGlobal
